
Microsoft Visual Studio Solution File, Format Version 12.00
# Visual Studio 2012
Project("{FAE04EC0-301F-11D3-BF4B-00C04F79EFBC}") = "CefGlue", "CefGlue\CefGlue.csproj", "{703FF300-34B9-48D4-A5D6-E741F48D5F95}"
EndProject
Project("{FAE04EC0-301F-11D3-BF4B-00C04F79EFBC}") = "CefGlue.Client", "CefGlue.Client\CefGlue.Client.csproj", "{311984DF-EB92-4B01-B4AD-C7E73A13E271}"
EndProject
Project("{FAE04EC0-301F-11D3-BF4B-00C04F79EFBC}") = "CefGlue.WindowsForms", "CefGlue.WindowsForms\CefGlue.WindowsForms.csproj", "{679AF14D-8FF5-4608-BFF8-EC1A7DED04A4}"
EndProject
Project("{FAE04EC0-301F-11D3-BF4B-00C04F79EFBC}") = "CefGlue.Demo", "CefGlue.Demo\CefGlue.Demo.csproj", "{B928A030-E818-4634-9C6B-F9224E996BD6}"
EndProject
Project("{FAE04EC0-301F-11D3-BF4B-00C04F79EFBC}") = "CefGlue.Demo.WinForms", "CefGlue.Demo.WinForms\CefGlue.Demo.WinForms.csproj", "{F9025CE1-2DF4-409B-8961-A51DFAEAABDD}"
EndProject
Project("{FAE04EC0-301F-11D3-BF4B-00C04F79EFBC}") = "PwBusiness", "PwBusiness\PwBusiness.csproj", "{30E169C4-7769-4ACB-B0D5-0FC8419EF7E1}"
EndProject
Project("{FAE04EC0-301F-11D3-BF4B-00C04F79EFBC}") = "LazyCat.UnitTestProject", "LazyCat.UnitTestProject\LazyCat.UnitTestProject.csproj", "{4A0096E2-C7AC-4896-ABB1-F2EA5B9FB913}"
EndProject
Project("{FAE04EC0-301F-11D3-BF4B-00C04F79EFBC}") = "QXHelperForms", "QXHelperForms\QXHelperForms.csproj", "{8F47C56B-DE5B-49BD-A5E1-186A19F725C4}"
EndProject
Project("{FAE04EC0-301F-11D3-BF4B-00C04F79EFBC}") = "Common", "Common\Common.csproj", "{A0173D2B-B236-49CD-80E7-C5CB68672D56}"
EndProject
Project("{FAE04EC0-301F-11D3-BF4B-00C04F79EFBC}") = "LazyCat.Winform", "LazyCat.Winform\LazyCat.Winform.csproj", "{95789369-1787-40FD-817D-5853610F3D6A}"
EndProject
Project("{FAE04EC0-301F-11D3-BF4B-00C04F79EFBC}") = "CefGlue.Global", "CefGlue.Global\CefGlue.Global.csproj", "{A7045DF3-E3B0-4EE0-9122-92BBB95778B9}"
EndProject
Project("{FAE04EC0-301F-11D3-BF4B-00C04F79EFBC}") = "LazyCat.KeepConn", "LazyCat.KeepConn\LazyCat.KeepConn.csproj", "{C3D6BAF9-2DC3-4CBE-B929-5417F7B4F102}"
EndProject
Project("{FAE04EC0-301F-11D3-BF4B-00C04F79EFBC}") = "JiShi", "JiShi\JiShi.csproj", "{B4BF0BD2-EB58-461A-A803-A963EE2896C4}"
EndProject
Project("{FAE04EC0-301F-11D3-BF4B-00C04F79EFBC}") = "JiShi.DBUtility", "DBUtility\JiShi.DBUtility.csproj", "{0988C62E-247F-471F-A183-DB509C7A3839}"
EndProject
Project("{FAE04EC0-301F-11D3-BF4B-00C04F79EFBC}") = "JiShi.Model", "Model\JiShi.Model.csproj", "{53995DBB-9836-4647-AD22-865884FDEB9E}"
EndProject
Project("{FAE04EC0-301F-11D3-BF4B-00C04F79EFBC}") = "JiShi.DAL", "DAL\JiShi.DAL.csproj", "{9FE00521-3A8B-42B1-814E-585E99407B2E}"
EndProject
Project("{FAE04EC0-301F-11D3-BF4B-00C04F79EFBC}") = "JiShi.BLL", "BLL\JiShi.BLL.csproj", "{38D7AA58-C95B-449B-86C6-A8073A56E11F}"
EndProject
Global
	GlobalSection(SubversionScc) = preSolution
		Svn-Managed = True
		Manager = AnkhSVN - Subversion Support for Visual Studio
	EndGlobalSection
	GlobalSection(SolutionConfigurationPlatforms) = preSolution
		Debug|Any CPU = Debug|Any CPU
		Debug|Mixed Platforms = Debug|Mixed Platforms
		Debug|x86 = Debug|x86
		debug2|Any CPU = debug2|Any CPU
		debug2|Mixed Platforms = debug2|Mixed Platforms
		debug2|x86 = debug2|x86
		Release|Any CPU = Release|Any CPU
		Release|Mixed Platforms = Release|Mixed Platforms
		Release|x86 = Release|x86
	EndGlobalSection
	GlobalSection(ProjectConfigurationPlatforms) = postSolution
		{703FF300-34B9-48D4-A5D6-E741F48D5F95}.Debug|Any CPU.ActiveCfg = Debug|Any CPU
		{703FF300-34B9-48D4-A5D6-E741F48D5F95}.Debug|Any CPU.Build.0 = Debug|Any CPU
		{703FF300-34B9-48D4-A5D6-E741F48D5F95}.Debug|Mixed Platforms.ActiveCfg = Debug|Any CPU
		{703FF300-34B9-48D4-A5D6-E741F48D5F95}.Debug|Mixed Platforms.Build.0 = Debug|Any CPU
		{703FF300-34B9-48D4-A5D6-E741F48D5F95}.Debug|x86.ActiveCfg = Debug|Any CPU
		{703FF300-34B9-48D4-A5D6-E741F48D5F95}.Debug|x86.Build.0 = Debug|Any CPU
		{703FF300-34B9-48D4-A5D6-E741F48D5F95}.debug2|Any CPU.ActiveCfg = debug2|Any CPU
		{703FF300-34B9-48D4-A5D6-E741F48D5F95}.debug2|Any CPU.Build.0 = debug2|Any CPU
		{703FF300-34B9-48D4-A5D6-E741F48D5F95}.debug2|Mixed Platforms.ActiveCfg = debug2|Any CPU
		{703FF300-34B9-48D4-A5D6-E741F48D5F95}.debug2|Mixed Platforms.Build.0 = debug2|Any CPU
		{703FF300-34B9-48D4-A5D6-E741F48D5F95}.debug2|x86.ActiveCfg = debug2|Any CPU
		{703FF300-34B9-48D4-A5D6-E741F48D5F95}.Release|Any CPU.ActiveCfg = Release|Any CPU
		{703FF300-34B9-48D4-A5D6-E741F48D5F95}.Release|Any CPU.Build.0 = Release|Any CPU
		{703FF300-34B9-48D4-A5D6-E741F48D5F95}.Release|Mixed Platforms.ActiveCfg = Release|Any CPU
		{703FF300-34B9-48D4-A5D6-E741F48D5F95}.Release|Mixed Platforms.Build.0 = Release|Any CPU
		{703FF300-34B9-48D4-A5D6-E741F48D5F95}.Release|x86.ActiveCfg = Release|Any CPU
		{703FF300-34B9-48D4-A5D6-E741F48D5F95}.Release|x86.Build.0 = Release|Any CPU
		{311984DF-EB92-4B01-B4AD-C7E73A13E271}.Debug|Any CPU.ActiveCfg = Debug|Any CPU
		{311984DF-EB92-4B01-B4AD-C7E73A13E271}.Debug|Any CPU.Build.0 = Debug|Any CPU
		{311984DF-EB92-4B01-B4AD-C7E73A13E271}.Debug|Mixed Platforms.ActiveCfg = Debug|x86
		{311984DF-EB92-4B01-B4AD-C7E73A13E271}.Debug|Mixed Platforms.Build.0 = Debug|x86
		{311984DF-EB92-4B01-B4AD-C7E73A13E271}.Debug|x86.ActiveCfg = Debug|x86
		{311984DF-EB92-4B01-B4AD-C7E73A13E271}.Debug|x86.Build.0 = Debug|x86
		{311984DF-EB92-4B01-B4AD-C7E73A13E271}.debug2|Any CPU.ActiveCfg = debug2|Any CPU
		{311984DF-EB92-4B01-B4AD-C7E73A13E271}.debug2|Any CPU.Build.0 = debug2|Any CPU
		{311984DF-EB92-4B01-B4AD-C7E73A13E271}.debug2|Mixed Platforms.ActiveCfg = debug2|x86
		{311984DF-EB92-4B01-B4AD-C7E73A13E271}.debug2|Mixed Platforms.Build.0 = debug2|x86
		{311984DF-EB92-4B01-B4AD-C7E73A13E271}.debug2|x86.ActiveCfg = debug2|x86
		{311984DF-EB92-4B01-B4AD-C7E73A13E271}.debug2|x86.Build.0 = debug2|x86
		{311984DF-EB92-4B01-B4AD-C7E73A13E271}.Release|Any CPU.ActiveCfg = Release|Any CPU
		{311984DF-EB92-4B01-B4AD-C7E73A13E271}.Release|Any CPU.Build.0 = Release|Any CPU
		{311984DF-EB92-4B01-B4AD-C7E73A13E271}.Release|Mixed Platforms.ActiveCfg = Release|x86
		{311984DF-EB92-4B01-B4AD-C7E73A13E271}.Release|Mixed Platforms.Build.0 = Release|x86
		{311984DF-EB92-4B01-B4AD-C7E73A13E271}.Release|x86.ActiveCfg = Release|x86
		{311984DF-EB92-4B01-B4AD-C7E73A13E271}.Release|x86.Build.0 = Release|x86
		{679AF14D-8FF5-4608-BFF8-EC1A7DED04A4}.Debug|Any CPU.ActiveCfg = Debug|Any CPU
		{679AF14D-8FF5-4608-BFF8-EC1A7DED04A4}.Debug|Any CPU.Build.0 = Debug|Any CPU
		{679AF14D-8FF5-4608-BFF8-EC1A7DED04A4}.Debug|Mixed Platforms.ActiveCfg = Debug|Any CPU
		{679AF14D-8FF5-4608-BFF8-EC1A7DED04A4}.Debug|Mixed Platforms.Build.0 = Debug|Any CPU
		{679AF14D-8FF5-4608-BFF8-EC1A7DED04A4}.Debug|x86.ActiveCfg = Debug|Any CPU
		{679AF14D-8FF5-4608-BFF8-EC1A7DED04A4}.Debug|x86.Build.0 = Debug|Any CPU
		{679AF14D-8FF5-4608-BFF8-EC1A7DED04A4}.debug2|Any CPU.ActiveCfg = debug2|Any CPU
		{679AF14D-8FF5-4608-BFF8-EC1A7DED04A4}.debug2|Any CPU.Build.0 = debug2|Any CPU
		{679AF14D-8FF5-4608-BFF8-EC1A7DED04A4}.debug2|Mixed Platforms.ActiveCfg = debug2|Any CPU
		{679AF14D-8FF5-4608-BFF8-EC1A7DED04A4}.debug2|Mixed Platforms.Build.0 = debug2|Any CPU
		{679AF14D-8FF5-4608-BFF8-EC1A7DED04A4}.debug2|x86.ActiveCfg = debug2|Any CPU
		{679AF14D-8FF5-4608-BFF8-EC1A7DED04A4}.Release|Any CPU.ActiveCfg = Release|Any CPU
		{679AF14D-8FF5-4608-BFF8-EC1A7DED04A4}.Release|Any CPU.Build.0 = Release|Any CPU
		{679AF14D-8FF5-4608-BFF8-EC1A7DED04A4}.Release|Mixed Platforms.ActiveCfg = Release|Any CPU
		{679AF14D-8FF5-4608-BFF8-EC1A7DED04A4}.Release|Mixed Platforms.Build.0 = Release|Any CPU
		{679AF14D-8FF5-4608-BFF8-EC1A7DED04A4}.Release|x86.ActiveCfg = Release|Any CPU
		{679AF14D-8FF5-4608-BFF8-EC1A7DED04A4}.Release|x86.Build.0 = Release|Any CPU
		{B928A030-E818-4634-9C6B-F9224E996BD6}.Debug|Any CPU.ActiveCfg = Debug|Any CPU
		{B928A030-E818-4634-9C6B-F9224E996BD6}.Debug|Any CPU.Build.0 = Debug|Any CPU
		{B928A030-E818-4634-9C6B-F9224E996BD6}.Debug|Mixed Platforms.ActiveCfg = Debug|Any CPU
		{B928A030-E818-4634-9C6B-F9224E996BD6}.Debug|Mixed Platforms.Build.0 = Debug|Any CPU
		{B928A030-E818-4634-9C6B-F9224E996BD6}.Debug|x86.ActiveCfg = Debug|Any CPU
		{B928A030-E818-4634-9C6B-F9224E996BD6}.Debug|x86.Build.0 = Debug|Any CPU
		{B928A030-E818-4634-9C6B-F9224E996BD6}.debug2|Any CPU.ActiveCfg = debug2|Any CPU
		{B928A030-E818-4634-9C6B-F9224E996BD6}.debug2|Any CPU.Build.0 = debug2|Any CPU
		{B928A030-E818-4634-9C6B-F9224E996BD6}.debug2|Mixed Platforms.ActiveCfg = debug2|Any CPU
		{B928A030-E818-4634-9C6B-F9224E996BD6}.debug2|Mixed Platforms.Build.0 = debug2|Any CPU
		{B928A030-E818-4634-9C6B-F9224E996BD6}.debug2|x86.ActiveCfg = debug2|Any CPU
		{B928A030-E818-4634-9C6B-F9224E996BD6}.Release|Any CPU.ActiveCfg = Release|Any CPU
		{B928A030-E818-4634-9C6B-F9224E996BD6}.Release|Any CPU.Build.0 = Release|Any CPU
		{B928A030-E818-4634-9C6B-F9224E996BD6}.Release|Mixed Platforms.ActiveCfg = Release|Any CPU
		{B928A030-E818-4634-9C6B-F9224E996BD6}.Release|Mixed Platforms.Build.0 = Release|Any CPU
		{B928A030-E818-4634-9C6B-F9224E996BD6}.Release|x86.ActiveCfg = Release|Any CPU
		{B928A030-E818-4634-9C6B-F9224E996BD6}.Release|x86.Build.0 = Release|Any CPU
		{F9025CE1-2DF4-409B-8961-A51DFAEAABDD}.Debug|Any CPU.ActiveCfg = Debug|Any CPU
		{F9025CE1-2DF4-409B-8961-A51DFAEAABDD}.Debug|Any CPU.Build.0 = Debug|Any CPU
		{F9025CE1-2DF4-409B-8961-A51DFAEAABDD}.Debug|Mixed Platforms.ActiveCfg = Debug|x86
		{F9025CE1-2DF4-409B-8961-A51DFAEAABDD}.Debug|Mixed Platforms.Build.0 = Debug|x86
		{F9025CE1-2DF4-409B-8961-A51DFAEAABDD}.Debug|x86.ActiveCfg = Debug|x86
		{F9025CE1-2DF4-409B-8961-A51DFAEAABDD}.Debug|x86.Build.0 = Debug|x86
		{F9025CE1-2DF4-409B-8961-A51DFAEAABDD}.debug2|Any CPU.ActiveCfg = debug2|Any CPU
		{F9025CE1-2DF4-409B-8961-A51DFAEAABDD}.debug2|Any CPU.Build.0 = debug2|Any CPU
		{F9025CE1-2DF4-409B-8961-A51DFAEAABDD}.debug2|Mixed Platforms.ActiveCfg = debug2|x86
		{F9025CE1-2DF4-409B-8961-A51DFAEAABDD}.debug2|Mixed Platforms.Build.0 = debug2|x86
		{F9025CE1-2DF4-409B-8961-A51DFAEAABDD}.debug2|x86.ActiveCfg = debug2|x86
		{F9025CE1-2DF4-409B-8961-A51DFAEAABDD}.debug2|x86.Build.0 = debug2|x86
		{F9025CE1-2DF4-409B-8961-A51DFAEAABDD}.Release|Any CPU.ActiveCfg = Release|Any CPU
		{F9025CE1-2DF4-409B-8961-A51DFAEAABDD}.Release|Any CPU.Build.0 = Release|Any CPU
		{F9025CE1-2DF4-409B-8961-A51DFAEAABDD}.Release|Mixed Platforms.ActiveCfg = Release|x86
		{F9025CE1-2DF4-409B-8961-A51DFAEAABDD}.Release|Mixed Platforms.Build.0 = Release|x86
		{F9025CE1-2DF4-409B-8961-A51DFAEAABDD}.Release|x86.ActiveCfg = Release|x86
		{F9025CE1-2DF4-409B-8961-A51DFAEAABDD}.Release|x86.Build.0 = Release|x86
		{30E169C4-7769-4ACB-B0D5-0FC8419EF7E1}.Debug|Any CPU.ActiveCfg = Debug|Any CPU
		{30E169C4-7769-4ACB-B0D5-0FC8419EF7E1}.Debug|Any CPU.Build.0 = Debug|Any CPU
		{30E169C4-7769-4ACB-B0D5-0FC8419EF7E1}.Debug|Mixed Platforms.ActiveCfg = Debug|Any CPU
		{30E169C4-7769-4ACB-B0D5-0FC8419EF7E1}.Debug|Mixed Platforms.Build.0 = Debug|Any CPU
		{30E169C4-7769-4ACB-B0D5-0FC8419EF7E1}.Debug|x86.ActiveCfg = Debug|Any CPU
		{30E169C4-7769-4ACB-B0D5-0FC8419EF7E1}.debug2|Any CPU.ActiveCfg = debug2|Any CPU
		{30E169C4-7769-4ACB-B0D5-0FC8419EF7E1}.debug2|Any CPU.Build.0 = debug2|Any CPU
		{30E169C4-7769-4ACB-B0D5-0FC8419EF7E1}.debug2|Mixed Platforms.ActiveCfg = debug2|Any CPU
		{30E169C4-7769-4ACB-B0D5-0FC8419EF7E1}.debug2|Mixed Platforms.Build.0 = debug2|Any CPU
		{30E169C4-7769-4ACB-B0D5-0FC8419EF7E1}.debug2|x86.ActiveCfg = debug2|Any CPU
		{30E169C4-7769-4ACB-B0D5-0FC8419EF7E1}.Release|Any CPU.ActiveCfg = Release|Any CPU
		{30E169C4-7769-4ACB-B0D5-0FC8419EF7E1}.Release|Any CPU.Build.0 = Release|Any CPU
		{30E169C4-7769-4ACB-B0D5-0FC8419EF7E1}.Release|Mixed Platforms.ActiveCfg = Release|Any CPU
		{30E169C4-7769-4ACB-B0D5-0FC8419EF7E1}.Release|Mixed Platforms.Build.0 = Release|Any CPU
		{30E169C4-7769-4ACB-B0D5-0FC8419EF7E1}.Release|x86.ActiveCfg = Release|Any CPU
		{4A0096E2-C7AC-4896-ABB1-F2EA5B9FB913}.Debug|Any CPU.ActiveCfg = Debug|Any CPU
		{4A0096E2-C7AC-4896-ABB1-F2EA5B9FB913}.Debug|Any CPU.Build.0 = Debug|Any CPU
		{4A0096E2-C7AC-4896-ABB1-F2EA5B9FB913}.Debug|Mixed Platforms.ActiveCfg = Debug|Any CPU
		{4A0096E2-C7AC-4896-ABB1-F2EA5B9FB913}.Debug|Mixed Platforms.Build.0 = Debug|Any CPU
		{4A0096E2-C7AC-4896-ABB1-F2EA5B9FB913}.Debug|x86.ActiveCfg = Debug|Any CPU
		{4A0096E2-C7AC-4896-ABB1-F2EA5B9FB913}.debug2|Any CPU.ActiveCfg = debug2|Any CPU
		{4A0096E2-C7AC-4896-ABB1-F2EA5B9FB913}.debug2|Any CPU.Build.0 = debug2|Any CPU
		{4A0096E2-C7AC-4896-ABB1-F2EA5B9FB913}.debug2|Mixed Platforms.ActiveCfg = debug2|Any CPU
		{4A0096E2-C7AC-4896-ABB1-F2EA5B9FB913}.debug2|Mixed Platforms.Build.0 = debug2|Any CPU
		{4A0096E2-C7AC-4896-ABB1-F2EA5B9FB913}.debug2|x86.ActiveCfg = debug2|Any CPU
		{4A0096E2-C7AC-4896-ABB1-F2EA5B9FB913}.Release|Any CPU.ActiveCfg = Release|Any CPU
		{4A0096E2-C7AC-4896-ABB1-F2EA5B9FB913}.Release|Any CPU.Build.0 = Release|Any CPU
		{4A0096E2-C7AC-4896-ABB1-F2EA5B9FB913}.Release|Mixed Platforms.ActiveCfg = Release|Any CPU
		{4A0096E2-C7AC-4896-ABB1-F2EA5B9FB913}.Release|Mixed Platforms.Build.0 = Release|Any CPU
		{4A0096E2-C7AC-4896-ABB1-F2EA5B9FB913}.Release|x86.ActiveCfg = Release|Any CPU
		{8F47C56B-DE5B-49BD-A5E1-186A19F725C4}.Debug|Any CPU.ActiveCfg = Debug|x86
		{8F47C56B-DE5B-49BD-A5E1-186A19F725C4}.Debug|Mixed Platforms.ActiveCfg = Debug|x86
		{8F47C56B-DE5B-49BD-A5E1-186A19F725C4}.Debug|Mixed Platforms.Build.0 = Debug|x86
		{8F47C56B-DE5B-49BD-A5E1-186A19F725C4}.Debug|x86.ActiveCfg = Debug|x86
		{8F47C56B-DE5B-49BD-A5E1-186A19F725C4}.Debug|x86.Build.0 = Debug|x86
		{8F47C56B-DE5B-49BD-A5E1-186A19F725C4}.debug2|Any CPU.ActiveCfg = debug2|x86
		{8F47C56B-DE5B-49BD-A5E1-186A19F725C4}.debug2|Mixed Platforms.ActiveCfg = debug2|x86
		{8F47C56B-DE5B-49BD-A5E1-186A19F725C4}.debug2|Mixed Platforms.Build.0 = debug2|x86
		{8F47C56B-DE5B-49BD-A5E1-186A19F725C4}.debug2|x86.ActiveCfg = debug2|x86
		{8F47C56B-DE5B-49BD-A5E1-186A19F725C4}.debug2|x86.Build.0 = debug2|x86
		{8F47C56B-DE5B-49BD-A5E1-186A19F725C4}.Release|Any CPU.ActiveCfg = Release|x86
		{8F47C56B-DE5B-49BD-A5E1-186A19F725C4}.Release|Mixed Platforms.ActiveCfg = Release|x86
		{8F47C56B-DE5B-49BD-A5E1-186A19F725C4}.Release|Mixed Platforms.Build.0 = Release|x86
		{8F47C56B-DE5B-49BD-A5E1-186A19F725C4}.Release|x86.ActiveCfg = Release|x86
		{8F47C56B-DE5B-49BD-A5E1-186A19F725C4}.Release|x86.Build.0 = Release|x86
		{A0173D2B-B236-49CD-80E7-C5CB68672D56}.Debug|Any CPU.ActiveCfg = Debug|Any CPU
		{A0173D2B-B236-49CD-80E7-C5CB68672D56}.Debug|Any CPU.Build.0 = Debug|Any CPU
		{A0173D2B-B236-49CD-80E7-C5CB68672D56}.Debug|Mixed Platforms.ActiveCfg = Debug|Any CPU
		{A0173D2B-B236-49CD-80E7-C5CB68672D56}.Debug|Mixed Platforms.Build.0 = Debug|Any CPU
		{A0173D2B-B236-49CD-80E7-C5CB68672D56}.Debug|x86.ActiveCfg = Debug|Any CPU
		{A0173D2B-B236-49CD-80E7-C5CB68672D56}.debug2|Any CPU.ActiveCfg = debug2|Any CPU
		{A0173D2B-B236-49CD-80E7-C5CB68672D56}.debug2|Any CPU.Build.0 = debug2|Any CPU
		{A0173D2B-B236-49CD-80E7-C5CB68672D56}.debug2|Mixed Platforms.ActiveCfg = debug2|Any CPU
		{A0173D2B-B236-49CD-80E7-C5CB68672D56}.debug2|Mixed Platforms.Build.0 = debug2|Any CPU
		{A0173D2B-B236-49CD-80E7-C5CB68672D56}.debug2|x86.ActiveCfg = debug2|Any CPU
		{A0173D2B-B236-49CD-80E7-C5CB68672D56}.Release|Any CPU.ActiveCfg = Release|Any CPU
		{A0173D2B-B236-49CD-80E7-C5CB68672D56}.Release|Any CPU.Build.0 = Release|Any CPU
		{A0173D2B-B236-49CD-80E7-C5CB68672D56}.Release|Mixed Platforms.ActiveCfg = Release|Any CPU
		{A0173D2B-B236-49CD-80E7-C5CB68672D56}.Release|Mixed Platforms.Build.0 = Release|Any CPU
		{A0173D2B-B236-49CD-80E7-C5CB68672D56}.Release|x86.ActiveCfg = Release|Any CPU
		{95789369-1787-40FD-817D-5853610F3D6A}.Debug|Any CPU.ActiveCfg = Debug|Any CPU
		{95789369-1787-40FD-817D-5853610F3D6A}.Debug|Any CPU.Build.0 = Debug|Any CPU
		{95789369-1787-40FD-817D-5853610F3D6A}.Debug|Mixed Platforms.ActiveCfg = Debug|Any CPU
		{95789369-1787-40FD-817D-5853610F3D6A}.Debug|Mixed Platforms.Build.0 = Debug|Any CPU
		{95789369-1787-40FD-817D-5853610F3D6A}.Debug|x86.ActiveCfg = Debug|Any CPU
		{95789369-1787-40FD-817D-5853610F3D6A}.debug2|Any CPU.ActiveCfg = debug2|Any CPU
		{95789369-1787-40FD-817D-5853610F3D6A}.debug2|Any CPU.Build.0 = debug2|Any CPU
		{95789369-1787-40FD-817D-5853610F3D6A}.debug2|Mixed Platforms.ActiveCfg = debug2|Any CPU
		{95789369-1787-40FD-817D-5853610F3D6A}.debug2|Mixed Platforms.Build.0 = debug2|Any CPU
		{95789369-1787-40FD-817D-5853610F3D6A}.debug2|x86.ActiveCfg = debug2|Any CPU
		{95789369-1787-40FD-817D-5853610F3D6A}.Release|Any CPU.ActiveCfg = Release|Any CPU
		{95789369-1787-40FD-817D-5853610F3D6A}.Release|Any CPU.Build.0 = Release|Any CPU
		{95789369-1787-40FD-817D-5853610F3D6A}.Release|Mixed Platforms.ActiveCfg = Release|Any CPU
		{95789369-1787-40FD-817D-5853610F3D6A}.Release|Mixed Platforms.Build.0 = Release|Any CPU
		{95789369-1787-40FD-817D-5853610F3D6A}.Release|x86.ActiveCfg = Release|Any CPU
		{A7045DF3-E3B0-4EE0-9122-92BBB95778B9}.Debug|Any CPU.ActiveCfg = Debug|Any CPU
		{A7045DF3-E3B0-4EE0-9122-92BBB95778B9}.Debug|Any CPU.Build.0 = Debug|Any CPU
		{A7045DF3-E3B0-4EE0-9122-92BBB95778B9}.Debug|Mixed Platforms.ActiveCfg = Debug|Any CPU
		{A7045DF3-E3B0-4EE0-9122-92BBB95778B9}.Debug|Mixed Platforms.Build.0 = Debug|Any CPU
		{A7045DF3-E3B0-4EE0-9122-92BBB95778B9}.Debug|x86.ActiveCfg = Debug|Any CPU
		{A7045DF3-E3B0-4EE0-9122-92BBB95778B9}.debug2|Any CPU.ActiveCfg = debug2|Any CPU
		{A7045DF3-E3B0-4EE0-9122-92BBB95778B9}.debug2|Any CPU.Build.0 = debug2|Any CPU
		{A7045DF3-E3B0-4EE0-9122-92BBB95778B9}.debug2|Mixed Platforms.ActiveCfg = debug2|Any CPU
		{A7045DF3-E3B0-4EE0-9122-92BBB95778B9}.debug2|Mixed Platforms.Build.0 = debug2|Any CPU
		{A7045DF3-E3B0-4EE0-9122-92BBB95778B9}.debug2|x86.ActiveCfg = debug2|Any CPU
		{A7045DF3-E3B0-4EE0-9122-92BBB95778B9}.Release|Any CPU.ActiveCfg = Release|Any CPU
		{A7045DF3-E3B0-4EE0-9122-92BBB95778B9}.Release|Any CPU.Build.0 = Release|Any CPU
		{A7045DF3-E3B0-4EE0-9122-92BBB95778B9}.Release|Mixed Platforms.ActiveCfg = Release|Any CPU
		{A7045DF3-E3B0-4EE0-9122-92BBB95778B9}.Release|Mixed Platforms.Build.0 = Release|Any CPU
		{A7045DF3-E3B0-4EE0-9122-92BBB95778B9}.Release|x86.ActiveCfg = Release|Any CPU
		{C3D6BAF9-2DC3-4CBE-B929-5417F7B4F102}.Debug|Any CPU.ActiveCfg = Debug|Any CPU
		{C3D6BAF9-2DC3-4CBE-B929-5417F7B4F102}.Debug|Any CPU.Build.0 = Debug|Any CPU
		{C3D6BAF9-2DC3-4CBE-B929-5417F7B4F102}.Debug|Mixed Platforms.ActiveCfg = Debug|Any CPU
		{C3D6BAF9-2DC3-4CBE-B929-5417F7B4F102}.Debug|Mixed Platforms.Build.0 = Debug|Any CPU
		{C3D6BAF9-2DC3-4CBE-B929-5417F7B4F102}.Debug|x86.ActiveCfg = Debug|Any CPU
		{C3D6BAF9-2DC3-4CBE-B929-5417F7B4F102}.debug2|Any CPU.ActiveCfg = debug2|Any CPU
		{C3D6BAF9-2DC3-4CBE-B929-5417F7B4F102}.debug2|Any CPU.Build.0 = debug2|Any CPU
		{C3D6BAF9-2DC3-4CBE-B929-5417F7B4F102}.debug2|Mixed Platforms.ActiveCfg = debug2|Any CPU
		{C3D6BAF9-2DC3-4CBE-B929-5417F7B4F102}.debug2|Mixed Platforms.Build.0 = debug2|Any CPU
		{C3D6BAF9-2DC3-4CBE-B929-5417F7B4F102}.debug2|x86.ActiveCfg = debug2|Any CPU
		{C3D6BAF9-2DC3-4CBE-B929-5417F7B4F102}.Release|Any CPU.ActiveCfg = Release|Any CPU
		{C3D6BAF9-2DC3-4CBE-B929-5417F7B4F102}.Release|Any CPU.Build.0 = Release|Any CPU
		{C3D6BAF9-2DC3-4CBE-B929-5417F7B4F102}.Release|Mixed Platforms.ActiveCfg = Release|Any CPU
		{C3D6BAF9-2DC3-4CBE-B929-5417F7B4F102}.Release|Mixed Platforms.Build.0 = Release|Any CPU
		{C3D6BAF9-2DC3-4CBE-B929-5417F7B4F102}.Release|x86.ActiveCfg = Release|Any CPU
		{B4BF0BD2-EB58-461A-A803-A963EE2896C4}.Debug|Any CPU.ActiveCfg = Debug|Any CPU
		{B4BF0BD2-EB58-461A-A803-A963EE2896C4}.Debug|Any CPU.Build.0 = Debug|Any CPU
		{B4BF0BD2-EB58-461A-A803-A963EE2896C4}.Debug|Mixed Platforms.ActiveCfg = Debug|Any CPU
		{B4BF0BD2-EB58-461A-A803-A963EE2896C4}.Debug|Mixed Platforms.Build.0 = Debug|Any CPU
		{B4BF0BD2-EB58-461A-A803-A963EE2896C4}.Debug|x86.ActiveCfg = Debug|Any CPU
		{B4BF0BD2-EB58-461A-A803-A963EE2896C4}.debug2|Any CPU.ActiveCfg = Debug|Any CPU
		{B4BF0BD2-EB58-461A-A803-A963EE2896C4}.debug2|Any CPU.Build.0 = Debug|Any CPU
		{B4BF0BD2-EB58-461A-A803-A963EE2896C4}.debug2|Mixed Platforms.ActiveCfg = Debug|Any CPU
		{B4BF0BD2-EB58-461A-A803-A963EE2896C4}.debug2|Mixed Platforms.Build.0 = Debug|Any CPU
		{B4BF0BD2-EB58-461A-A803-A963EE2896C4}.debug2|x86.ActiveCfg = Debug|Any CPU
		{B4BF0BD2-EB58-461A-A803-A963EE2896C4}.Release|Any CPU.ActiveCfg = Release|Any CPU
		{B4BF0BD2-EB58-461A-A803-A963EE2896C4}.Release|Any CPU.Build.0 = Release|Any CPU
		{B4BF0BD2-EB58-461A-A803-A963EE2896C4}.Release|Mixed Platforms.ActiveCfg = Release|Any CPU
		{B4BF0BD2-EB58-461A-A803-A963EE2896C4}.Release|Mixed Platforms.Build.0 = Release|Any CPU
		{B4BF0BD2-EB58-461A-A803-A963EE2896C4}.Release|x86.ActiveCfg = Release|Any CPU
		{0988C62E-247F-471F-A183-DB509C7A3839}.Debug|Any CPU.ActiveCfg = Debug|Any CPU
		{0988C62E-247F-471F-A183-DB509C7A3839}.Debug|Any CPU.Build.0 = Debug|Any CPU
		{0988C62E-247F-471F-A183-DB509C7A3839}.Debug|Mixed Platforms.ActiveCfg = Debug|Any CPU
		{0988C62E-247F-471F-A183-DB509C7A3839}.Debug|Mixed Platforms.Build.0 = Debug|Any CPU
		{0988C62E-247F-471F-A183-DB509C7A3839}.Debug|x86.ActiveCfg = Debug|Any CPU
		{0988C62E-247F-471F-A183-DB509C7A3839}.debug2|Any CPU.ActiveCfg = Debug|Any CPU
		{0988C62E-247F-471F-A183-DB509C7A3839}.debug2|Any CPU.Build.0 = Debug|Any CPU
		{0988C62E-247F-471F-A183-DB509C7A3839}.debug2|Mixed Platforms.ActiveCfg = Debug|Any CPU
		{0988C62E-247F-471F-A183-DB509C7A3839}.debug2|Mixed Platforms.Build.0 = Debug|Any CPU
		{0988C62E-247F-471F-A183-DB509C7A3839}.debug2|x86.ActiveCfg = Debug|Any CPU
		{0988C62E-247F-471F-A183-DB509C7A3839}.Release|Any CPU.ActiveCfg = Release|Any CPU
		{0988C62E-247F-471F-A183-DB509C7A3839}.Release|Any CPU.Build.0 = Release|Any CPU
		{0988C62E-247F-471F-A183-DB509C7A3839}.Release|Mixed Platforms.ActiveCfg = Release|Any CPU
		{0988C62E-247F-471F-A183-DB509C7A3839}.Release|Mixed Platforms.Build.0 = Release|Any CPU
		{0988C62E-247F-471F-A183-DB509C7A3839}.Release|x86.ActiveCfg = Release|Any CPU
		{53995DBB-9836-4647-AD22-865884FDEB9E}.Debug|Any CPU.ActiveCfg = Debug|Any CPU
		{53995DBB-9836-4647-AD22-865884FDEB9E}.Debug|Any CPU.Build.0 = Debug|Any CPU
		{53995DBB-9836-4647-AD22-865884FDEB9E}.Debug|Mixed Platforms.ActiveCfg = Debug|Any CPU
		{53995DBB-9836-4647-AD22-865884FDEB9E}.Debug|Mixed Platforms.Build.0 = Debug|Any CPU
		{53995DBB-9836-4647-AD22-865884FDEB9E}.Debug|x86.ActiveCfg = Debug|Any CPU
		{53995DBB-9836-4647-AD22-865884FDEB9E}.debug2|Any CPU.ActiveCfg = Debug|Any CPU
		{53995DBB-9836-4647-AD22-865884FDEB9E}.debug2|Any CPU.Build.0 = Debug|Any CPU
		{53995DBB-9836-4647-AD22-865884FDEB9E}.debug2|Mixed Platforms.ActiveCfg = Debug|Any CPU
		{53995DBB-9836-4647-AD22-865884FDEB9E}.debug2|Mixed Platforms.Build.0 = Debug|Any CPU
		{53995DBB-9836-4647-AD22-865884FDEB9E}.debug2|x86.ActiveCfg = Debug|Any CPU
		{53995DBB-9836-4647-AD22-865884FDEB9E}.Release|Any CPU.ActiveCfg = Release|Any CPU
		{53995DBB-9836-4647-AD22-865884FDEB9E}.Release|Any CPU.Build.0 = Release|Any CPU
		{53995DBB-9836-4647-AD22-865884FDEB9E}.Release|Mixed Platforms.ActiveCfg = Release|Any CPU
		{53995DBB-9836-4647-AD22-865884FDEB9E}.Release|Mixed Platforms.Build.0 = Release|Any CPU
		{53995DBB-9836-4647-AD22-865884FDEB9E}.Release|x86.ActiveCfg = Release|Any CPU
		{9FE00521-3A8B-42B1-814E-585E99407B2E}.Debug|Any CPU.ActiveCfg = Debug|Any CPU
		{9FE00521-3A8B-42B1-814E-585E99407B2E}.Debug|Any CPU.Build.0 = Debug|Any CPU
		{9FE00521-3A8B-42B1-814E-585E99407B2E}.Debug|Mixed Platforms.ActiveCfg = Debug|Any CPU
		{9FE00521-3A8B-42B1-814E-585E99407B2E}.Debug|Mixed Platforms.Build.0 = Debug|Any CPU
		{9FE00521-3A8B-42B1-814E-585E99407B2E}.Debug|x86.ActiveCfg = Debug|Any CPU
		{9FE00521-3A8B-42B1-814E-585E99407B2E}.debug2|Any CPU.ActiveCfg = Debug|Any CPU
		{9FE00521-3A8B-42B1-814E-585E99407B2E}.debug2|Any CPU.Build.0 = Debug|Any CPU
		{9FE00521-3A8B-42B1-814E-585E99407B2E}.debug2|Mixed Platforms.ActiveCfg = Debug|Any CPU
		{9FE00521-3A8B-42B1-814E-585E99407B2E}.debug2|Mixed Platforms.Build.0 = Debug|Any CPU
		{9FE00521-3A8B-42B1-814E-585E99407B2E}.debug2|x86.ActiveCfg = Debug|Any CPU
		{9FE00521-3A8B-42B1-814E-585E99407B2E}.Release|Any CPU.ActiveCfg = Release|Any CPU
		{9FE00521-3A8B-42B1-814E-585E99407B2E}.Release|Any CPU.Build.0 = Release|Any CPU
		{9FE00521-3A8B-42B1-814E-585E99407B2E}.Release|Mixed Platforms.ActiveCfg = Release|Any CPU
		{9FE00521-3A8B-42B1-814E-585E99407B2E}.Release|Mixed Platforms.Build.0 = Release|Any CPU
		{9FE00521-3A8B-42B1-814E-585E99407B2E}.Release|x86.ActiveCfg = Release|Any CPU
		{38D7AA58-C95B-449B-86C6-A8073A56E11F}.Debug|Any CPU.ActiveCfg = Debug|Any CPU
		{38D7AA58-C95B-449B-86C6-A8073A56E11F}.Debug|Any CPU.Build.0 = Debug|Any CPU
		{38D7AA58-C95B-449B-86C6-A8073A56E11F}.Debug|Mixed Platforms.ActiveCfg = Debug|Any CPU
		{38D7AA58-C95B-449B-86C6-A8073A56E11F}.Debug|Mixed Platforms.Build.0 = Debug|Any CPU
		{38D7AA58-C95B-449B-86C6-A8073A56E11F}.Debug|x86.ActiveCfg = Debug|Any CPU
		{38D7AA58-C95B-449B-86C6-A8073A56E11F}.debug2|Any CPU.ActiveCfg = Debug|Any CPU
		{38D7AA58-C95B-449B-86C6-A8073A56E11F}.debug2|Any CPU.Build.0 = Debug|Any CPU
		{38D7AA58-C95B-449B-86C6-A8073A56E11F}.debug2|Mixed Platforms.ActiveCfg = Debug|Any CPU
		{38D7AA58-C95B-449B-86C6-A8073A56E11F}.debug2|Mixed Platforms.Build.0 = Debug|Any CPU
		{38D7AA58-C95B-449B-86C6-A8073A56E11F}.debug2|x86.ActiveCfg = Debug|Any CPU
		{38D7AA58-C95B-449B-86C6-A8073A56E11F}.Release|Any CPU.ActiveCfg = Release|Any CPU
		{38D7AA58-C95B-449B-86C6-A8073A56E11F}.Release|Any CPU.Build.0 = Release|Any CPU
		{38D7AA58-C95B-449B-86C6-A8073A56E11F}.Release|Mixed Platforms.ActiveCfg = Release|Any CPU
		{38D7AA58-C95B-449B-86C6-A8073A56E11F}.Release|Mixed Platforms.Build.0 = Release|Any CPU
		{38D7AA58-C95B-449B-86C6-A8073A56E11F}.Release|x86.ActiveCfg = Release|Any CPU
	EndGlobalSection
	GlobalSection(SolutionProperties) = preSolution
		HideSolutionNode = FALSE
	EndGlobalSection
	GlobalSection(ExtensibilityGlobals) = postSolution
		VisualSVNWorkingCopyRoot = .
	EndGlobalSection
EndGlobal
